{
  "name": "my-music-lead-sheets-chordpro",
  "version": "1.0.0",
  "lockfileVersion": 3,
  "requires": true,
  "packages": {
    "": {
      "name": "my-music-lead-sheets-chordpro",
      "version": "1.0.0",
      "license": "ISC",
      "devDependencies": {
        "chordsheetjs": "^15.5.2"
      }
    },
    "node_modules/chordsheetjs": {
      "version": "15.5.2",
      "resolved": "https://registry.npmjs.org/chordsheetjs/-/chordsheetjs-15.5.2.tgz",
      "integrity": "sha512-ckM85eD5uRT9lWMQUfQpWFSCU5ZbwP3ROGpLvgFEzalHd08gjPhoe4wPHo2okjFeRF4rMJI29YY3tBuZGlw33A==",
      "dev": true,
      "license": "GPL-2.0-only",
      "engines": {
        "node": ">=16"
      },
      "peerDependencies": {
        "jspdf": "^4.0.0"
      },
      "peerDependenciesMeta": {
        "jspdf": {
          "optional": true
        }
      }
    }
  }
}
